
Microsoft Visual Studio Solution File, Format Version 12.00
# Visual Studio Version 17
VisualStudioVersion = 17.8.34408.163
MinimumVisualStudioVersion = 10.0.40219.1
Project("{2150E333-8FDC-42A3-9474-1A3956D46DE8}") = "Services", "Services", "{D6771118-8D6D-4734-B1EF-6DA221822F6C}"
EndProject
Project("{2150E333-8FDC-42A3-9474-1A3956D46DE8}") = "Catalog", "Catalog", "{2A9FBFF3-15E0-49D9-AB57-05273ED99E51}"
EndProject
Project("{FAE04EC0-301F-11D3-BF4B-00C04F79EFBC}") = "Catalog.API", "Services\Catalog\Catalog.API\Catalog.API.csproj", "{A4EA3064-1C04-4279-9AC9-D8558EDE041B}"
EndProject
Project("{2150E333-8FDC-42A3-9474-1A3956D46DE8}") = "BuildingBlocks", "BuildingBlocks", "{02EA681E-C7D8-13C7-8484-4AC65E1B71E8}"
EndProject
Project("{FAE04EC0-301F-11D3-BF4B-00C04F79EFBC}") = "BuildingBlocks", "BuildingBlocks\BuildingBlocks\BuildingBlocks.csproj", "{A7FED139-A8CB-4231-93D8-A24C312D5DE2}"
EndProject
Project("{E53339B2-1760-4266-BCC7-CA923CBCF16C}") = "docker-compose", "docker-compose.dcproj", "{81DDED9D-158B-E303-5F62-77A2896D2A5A}"
EndProject
Project("{2150E333-8FDC-42A3-9474-1A3956D46DE8}") = "Basket", "Basket", "{68DA85D6-145D-4A66-98EB-9E9DF8711786}"
EndProject
Project("{FAE04EC0-301F-11D3-BF4B-00C04F79EFBC}") = "Basket.API", "Services\Basket\Basket.API\Basket.API.csproj", "{66529188-4F0F-4B33-AD7A-D2A488C47E7E}"
EndProject
Project("{2150E333-8FDC-42A3-9474-1A3956D46DE8}") = "Discount", "Discount", "{F89C2223-BC93-4F48-8B91-458887B24760}"
EndProject
Project("{FAE04EC0-301F-11D3-BF4B-00C04F79EFBC}") = "Discount.Grpc", "Services\Discount\Discount.Grpc\Discount.Grpc.csproj", "{2558A662-F3AD-4909-ACE3-5DB4A25C6E56}"
EndProject
Global
	GlobalSection(SolutionConfigurationPlatforms) = preSolution
		Debug|Any CPU = Debug|Any CPU
		Release|Any CPU = Release|Any CPU
	EndGlobalSection
	GlobalSection(ProjectConfigurationPlatforms) = postSolution
		{A4EA3064-1C04-4279-9AC9-D8558EDE041B}.Debug|Any CPU.ActiveCfg = Debug|Any CPU
		{A4EA3064-1C04-4279-9AC9-D8558EDE041B}.Debug|Any CPU.Build.0 = Debug|Any CPU
		{A4EA3064-1C04-4279-9AC9-D8558EDE041B}.Release|Any CPU.ActiveCfg = Release|Any CPU
		{A4EA3064-1C04-4279-9AC9-D8558EDE041B}.Release|Any CPU.Build.0 = Release|Any CPU
		{A7FED139-A8CB-4231-93D8-A24C312D5DE2}.Debug|Any CPU.ActiveCfg = Debug|Any CPU
		{A7FED139-A8CB-4231-93D8-A24C312D5DE2}.Debug|Any CPU.Build.0 = Debug|Any CPU
		{A7FED139-A8CB-4231-93D8-A24C312D5DE2}.Release|Any CPU.ActiveCfg = Release|Any CPU
		{A7FED139-A8CB-4231-93D8-A24C312D5DE2}.Release|Any CPU.Build.0 = Release|Any CPU
		{81DDED9D-158B-E303-5F62-77A2896D2A5A}.Debug|Any CPU.ActiveCfg = Debug|Any CPU
		{81DDED9D-158B-E303-5F62-77A2896D2A5A}.Debug|Any CPU.Build.0 = Debug|Any CPU
		{81DDED9D-158B-E303-5F62-77A2896D2A5A}.Release|Any CPU.ActiveCfg = Release|Any CPU
		{81DDED9D-158B-E303-5F62-77A2896D2A5A}.Release|Any CPU.Build.0 = Release|Any CPU
		{66529188-4F0F-4B33-AD7A-D2A488C47E7E}.Debug|Any CPU.ActiveCfg = Debug|Any CPU
		{66529188-4F0F-4B33-AD7A-D2A488C47E7E}.Debug|Any CPU.Build.0 = Debug|Any CPU
		{66529188-4F0F-4B33-AD7A-D2A488C47E7E}.Release|Any CPU.ActiveCfg = Release|Any CPU
		{66529188-4F0F-4B33-AD7A-D2A488C47E7E}.Release|Any CPU.Build.0 = Release|Any CPU
		{2558A662-F3AD-4909-ACE3-5DB4A25C6E56}.Debug|Any CPU.ActiveCfg = Debug|Any CPU
		{2558A662-F3AD-4909-ACE3-5DB4A25C6E56}.Debug|Any CPU.Build.0 = Debug|Any CPU
		{2558A662-F3AD-4909-ACE3-5DB4A25C6E56}.Release|Any CPU.ActiveCfg = Release|Any CPU
		{2558A662-F3AD-4909-ACE3-5DB4A25C6E56}.Release|Any CPU.Build.0 = Release|Any CPU
	EndGlobalSection
	GlobalSection(SolutionProperties) = preSolution
		HideSolutionNode = FALSE
	EndGlobalSection
	GlobalSection(NestedProjects) = preSolution
		{2A9FBFF3-15E0-49D9-AB57-05273ED99E51} = {D6771118-8D6D-4734-B1EF-6DA221822F6C}
		{A4EA3064-1C04-4279-9AC9-D8558EDE041B} = {2A9FBFF3-15E0-49D9-AB57-05273ED99E51}
		{A7FED139-A8CB-4231-93D8-A24C312D5DE2} = {02EA681E-C7D8-13C7-8484-4AC65E1B71E8}
		{68DA85D6-145D-4A66-98EB-9E9DF8711786} = {D6771118-8D6D-4734-B1EF-6DA221822F6C}
		{66529188-4F0F-4B33-AD7A-D2A488C47E7E} = {68DA85D6-145D-4A66-98EB-9E9DF8711786}
		{F89C2223-BC93-4F48-8B91-458887B24760} = {D6771118-8D6D-4734-B1EF-6DA221822F6C}
		{2558A662-F3AD-4909-ACE3-5DB4A25C6E56} = {F89C2223-BC93-4F48-8B91-458887B24760}
	EndGlobalSection
	GlobalSection(ExtensibilityGlobals) = postSolution
		SolutionGuid = {FA17F2E9-6D10-467A-B835-06455E810542}
	EndGlobalSection
EndGlobal
